// !$*UTF8*$!
{
	archiveVersion = 1;
	classes = {
	};
	objectVersion = 50;
	objects = {

/* Begin PBXBuildFile section */
		3F3FE6DE2126EA4D00E1FC28 /* Extensions.swift in Sources */ = {isa = PBXBuildFile; fileRef = 3F3FE6DD2126EA4D00E1FC28 /* Extensions.swift */; };
		3F4E55192137DCB800985D9C /* SettingsLauncher.swift in Sources */ = {isa = PBXBuildFile; fileRef = 3F4E55182137DCB800985D9C /* SettingsLauncher.swift */; };
		3F4E551B2138069300985D9C /* SettingCell.swift in Sources */ = {isa = PBXBuildFile; fileRef = 3F4E551A2138069300985D9C /* SettingCell.swift */; };
		3F4E551D2138224A00985D9C /* Setting.swift in Sources */ = {isa = PBXBuildFile; fileRef = 3F4E551C2138224A00985D9C /* Setting.swift */; };
		3F6B906C212558860012DAC0 /* AppDelegate.swift in Sources */ = {isa = PBXBuildFile; fileRef = 3F6B906B212558860012DAC0 /* AppDelegate.swift */; };
		3F6B9071212558860012DAC0 /* Main.storyboard in Resources */ = {isa = PBXBuildFile; fileRef = 3F6B906F212558860012DAC0 /* Main.storyboard */; };
		3F6B9073212558870012DAC0 /* Assets.xcassets in Resources */ = {isa = PBXBuildFile; fileRef = 3F6B9072212558870012DAC0 /* Assets.xcassets */; };
		3F6B9076212558870012DAC0 /* LaunchScreen.storyboard in Resources */ = {isa = PBXBuildFile; fileRef = 3F6B9074212558870012DAC0 /* LaunchScreen.storyboard */; };
		3F833F14212B3A5200E1C727 /* MenuBar.swift in Sources */ = {isa = PBXBuildFile; fileRef = 3F833F13212B3A5200E1C727 /* MenuBar.swift */; };
		3F833F17212C8A0F00E1C727 /* Video.swift in Sources */ = {isa = PBXBuildFile; fileRef = 3F833F16212C8A0F00E1C727 /* Video.swift */; };
		3FBC713A2126EFA4007C9CFF /* VideoCell.swift in Sources */ = {isa = PBXBuildFile; fileRef = 3FBC71392126EFA4007C9CFF /* VideoCell.swift */; };
		3FBC713D2126EFFE007C9CFF /* HomeController.swift in Sources */ = {isa = PBXBuildFile; fileRef = 3FBC713C2126EFFE007C9CFF /* HomeController.swift */; };
/* End PBXBuildFile section */

/* Begin PBXFileReference section */
		3F3FE6DD2126EA4D00E1FC28 /* Extensions.swift */ = {isa = PBXFileReference; lastKnownFileType = sourcecode.swift; path = Extensions.swift; sourceTree = "<group>"; };
		3F4E55182137DCB800985D9C /* SettingsLauncher.swift */ = {isa = PBXFileReference; lastKnownFileType = sourcecode.swift; path = SettingsLauncher.swift; sourceTree = "<group>"; };
		3F4E551A2138069300985D9C /* SettingCell.swift */ = {isa = PBXFileReference; lastKnownFileType = sourcecode.swift; path = SettingCell.swift; sourceTree = "<group>"; };
		3F4E551C2138224A00985D9C /* Setting.swift */ = {isa = PBXFileReference; lastKnownFileType = sourcecode.swift; path = Setting.swift; sourceTree = "<group>"; };
		3F6B9068212558860012DAC0 /* LBTA_YouTube.app */ = {isa = PBXFileReference; explicitFileType = wrapper.application; includeInIndex = 0; path = LBTA_YouTube.app; sourceTree = BUILT_PRODUCTS_DIR; };
		3F6B906B212558860012DAC0 /* AppDelegate.swift */ = {isa = PBXFileReference; lastKnownFileType = sourcecode.swift; path = AppDelegate.swift; sourceTree = "<group>"; };
		3F6B9070212558860012DAC0 /* Base */ = {isa = PBXFileReference; lastKnownFileType = file.storyboard; name = Base; path = Base.lproj/Main.storyboard; sourceTree = "<group>"; };
		3F6B9072212558870012DAC0 /* Assets.xcassets */ = {isa = PBXFileReference; lastKnownFileType = folder.assetcatalog; path = Assets.xcassets; sourceTree = "<group>"; };
		3F6B9075212558870012DAC0 /* Base */ = {isa = PBXFileReference; lastKnownFileType = file.storyboard; name = Base; path = Base.lproj/LaunchScreen.storyboard; sourceTree = "<group>"; };
		3F6B9077212558870012DAC0 /* Info.plist */ = {isa = PBXFileReference; lastKnownFileType = text.plist.xml; path = Info.plist; sourceTree = "<group>"; };
		3F833F13212B3A5200E1C727 /* MenuBar.swift */ = {isa = PBXFileReference; lastKnownFileType = sourcecode.swift; path = MenuBar.swift; sourceTree = "<group>"; };
		3F833F16212C8A0F00E1C727 /* Video.swift */ = {isa = PBXFileReference; lastKnownFileType = sourcecode.swift; path = Video.swift; sourceTree = "<group>"; };
		3FBC71392126EFA4007C9CFF /* VideoCell.swift */ = {isa = PBXFileReference; lastKnownFileType = sourcecode.swift; path = VideoCell.swift; sourceTree = "<group>"; };
		3FBC713C2126EFFE007C9CFF /* HomeController.swift */ = {isa = PBXFileReference; lastKnownFileType = sourcecode.swift; path = HomeController.swift; sourceTree = "<group>"; };
/* End PBXFileReference section */

/* Begin PBXFrameworksBuildPhase section */
		3F6B9065212558860012DAC0 /* Frameworks */ = {
			isa = PBXFrameworksBuildPhase;
			buildActionMask = 2147483647;
			files = (
			);
			runOnlyForDeploymentPostprocessing = 0;
		};
/* End PBXFrameworksBuildPhase section */

/* Begin PBXGroup section */
		3F3FE6DC2126EA3200E1FC28 /* Helpers */ = {
			isa = PBXGroup;
			children = (
				3F3FE6DD2126EA4D00E1FC28 /* Extensions.swift */,
			);
			path = Helpers;
			sourceTree = "<group>";
		};
		3F3FE6DF2126EF1800E1FC28 /* View */ = {
			isa = PBXGroup;
			children = (
				3F833F13212B3A5200E1C727 /* MenuBar.swift */,
				3FBC71392126EFA4007C9CFF /* VideoCell.swift */,
				3F4E551A2138069300985D9C /* SettingCell.swift */,
			);
			path = View;
			sourceTree = "<group>";
		};
		3F6B905F212558860012DAC0 = {
			isa = PBXGroup;
			children = (
				3F6B906A212558860012DAC0 /* LBTA_YouTube */,
				3F6B9069212558860012DAC0 /* Products */,
			);
			sourceTree = "<group>";
		};
		3F6B9069212558860012DAC0 /* Products */ = {
			isa = PBXGroup;
			children = (
				3F6B9068212558860012DAC0 /* LBTA_YouTube.app */,
			);
			name = Products;
			sourceTree = "<group>";
		};
		3F6B906A212558860012DAC0 /* LBTA_YouTube */ = {
			isa = PBXGroup;
			children = (
				3F833F15212C89FB00E1C727 /* Model */,
				3F3FE6DF2126EF1800E1FC28 /* View */,
				3FBC713B2126EFDD007C9CFF /* Controller */,
				3F3FE6DC2126EA3200E1FC28 /* Helpers */,
				3F6B906B212558860012DAC0 /* AppDelegate.swift */,
				3F6B906F212558860012DAC0 /* Main.storyboard */,
				3F6B9072212558870012DAC0 /* Assets.xcassets */,
				3F6B9074212558870012DAC0 /* LaunchScreen.storyboard */,
				3F6B9077212558870012DAC0 /* Info.plist */,
			);
			path = LBTA_YouTube;
			sourceTree = "<group>";
		};
		3F833F15212C89FB00E1C727 /* Model */ = {
			isa = PBXGroup;
			children = (
				3F833F16212C8A0F00E1C727 /* Video.swift */,
				3F4E551C2138224A00985D9C /* Setting.swift */,
			);
			path = Model;
			sourceTree = "<group>";
		};
		3FBC713B2126EFDD007C9CFF /* Controller */ = {
			isa = PBXGroup;
			children = (
				3FBC713C2126EFFE007C9CFF /* HomeController.swift */,
				3F4E55182137DCB800985D9C /* SettingsLauncher.swift */,
			);
			path = Controller;
			sourceTree = "<group>";
		};
/* End PBXGroup section */

/* Begin PBXNativeTarget section */
		3F6B9067212558860012DAC0 /* LBTA_YouTube */ = {
			isa = PBXNativeTarget;
			buildConfigurationList = 3F6B907A212558870012DAC0 /* Build configuration list for PBXNativeTarget "LBTA_YouTube" */;
			buildPhases = (
				3F6B9064212558860012DAC0 /* Sources */,
				3F6B9065212558860012DAC0 /* Frameworks */,
				3F6B9066212558860012DAC0 /* Resources */,
			);
			buildRules = (
			);
			dependencies = (
			);
			name = LBTA_YouTube;
			productName = LBTA_YouTube;
			productReference = 3F6B9068212558860012DAC0 /* LBTA_YouTube.app */;
			productType = "com.apple.product-type.application";
		};
/* End PBXNativeTarget section */

/* Begin PBXProject section */
		3F6B9060212558860012DAC0 /* Project object */ = {
			isa = PBXProject;
			attributes = {
				LastSwiftUpdateCheck = 1000;
				LastUpgradeCheck = 1000;
				ORGANIZATIONNAME = "Vlado Velkovski";
				TargetAttributes = {
					3F6B9067212558860012DAC0 = {
						CreatedOnToolsVersion = 10.0;
					};
				};
			};
			buildConfigurationList = 3F6B9063212558860012DAC0 /* Build configuration list for PBXProject "LBTA_YouTube" */;
			compatibilityVersion = "Xcode 9.3";
			developmentRegion = en;
			hasScannedForEncodings = 0;
			knownRegions = (
				en,
				Base,
			);
			mainGroup = 3F6B905F212558860012DAC0;
			productRefGroup = 3F6B9069212558860012DAC0 /* Products */;
			projectDirPath = "";
			projectRoot = "";
			targets = (
				3F6B9067212558860012DAC0 /* LBTA_YouTube */,
			);
		};
/* End PBXProject section */

/* Begin PBXResourcesBuildPhase section */
		3F6B9066212558860012DAC0 /* Resources */ = {
			isa = PBXResourcesBuildPhase;
			buildActionMask = 2147483647;
			files = (
				3F6B9076212558870012DAC0 /* LaunchScreen.storyboard in Resources */,
				3F6B9073212558870012DAC0 /* Assets.xcassets in Resources */,
				3F6B9071212558860012DAC0 /* Main.storyboard in Resources */,
			);
			runOnlyForDeploymentPostprocessing = 0;
		};
/* End PBXResourcesBuildPhase section */

/* Begin PBXSourcesBuildPhase section */
		3F6B9064212558860012DAC0 /* Sources */ = {
			isa = PBXSourcesBuildPhase;
			buildActionMask = 2147483647;
			files = (
				3FBC713A2126EFA4007C9CFF /* VideoCell.swift in Sources */,
				3F833F17212C8A0F00E1C727 /* Video.swift in Sources */,
				3F4E551B2138069300985D9C /* SettingCell.swift in Sources */,
				3F3FE6DE2126EA4D00E1FC28 /* Extensions.swift in Sources */,
				3F4E55192137DCB800985D9C /* SettingsLauncher.swift in Sources */,
				3F6B906C212558860012DAC0 /* AppDelegate.swift in Sources */,
				3FBC713D2126EFFE007C9CFF /* HomeController.swift in Sources */,
				3F833F14212B3A5200E1C727 /* MenuBar.swift in Sources */,
				3F4E551D2138224A00985D9C /* Setting.swift in Sources */,
			);
			runOnlyForDeploymentPostprocessing = 0;
		};
/* End PBXSourcesBuildPhase section */

/* Begin PBXVariantGroup section */
		3F6B906F212558860012DAC0 /* Main.storyboard */ = {
			isa = PBXVariantGroup;
			children = (
				3F6B9070212558860012DAC0 /* Base */,
			);
			name = Main.storyboard;
			sourceTree = "<group>";
		};
		3F6B9074212558870012DAC0 /* LaunchScreen.storyboard */ = {
			isa = PBXVariantGroup;
			children = (
				3F6B9075212558870012DAC0 /* Base */,
			);
			name = LaunchScreen.storyboard;
			sourceTree = "<group>";
		};
/* End PBXVariantGroup section */

/* Begin XCBuildConfiguration section */
		3F6B9078212558870012DAC0 /* Debug */ = {
			isa = XCBuildConfiguration;
			buildSettings = {
				ALWAYS_SEARCH_USER_PATHS = NO;
				CLANG_ANALYZER_NONNULL = YES;
				CLANG_ANALYZER_NUMBER_OBJECT_CONVERSION = YES_AGGRESSIVE;
				CLANG_CXX_LANGUAGE_STANDARD = "gnu++14";
				CLANG_CXX_LIBRARY = "libc++";
				CLANG_ENABLE_MODULES = YES;
				CLANG_ENABLE_OBJC_ARC = YES;
				CLANG_ENABLE_OBJC_WEAK = YES;
				CLANG_WARN_BLOCK_CAPTURE_AUTORELEASING = YES;
				CLANG_WARN_BOOL_CONVERSION = YES;
				CLANG_WARN_COMMA = YES;
				CLANG_WARN_CONSTANT_CONVERSION = YES;
				CLANG_WARN_DEPRECATED_OBJC_IMPLEMENTATIONS = YES;
				CLANG_WARN_DIRECT_OBJC_ISA_USAGE = YES_ERROR;
				CLANG_WARN_DOCUMENTATION_COMMENTS = YES;
				CLANG_WARN_EMPTY_BODY = YES;
				CLANG_WARN_ENUM_CONVERSION = YES;
				CLANG_WARN_INFINITE_RECURSION = YES;
				CLANG_WARN_INT_CONVERSION = YES;
				CLANG_WARN_NON_LITERAL_NULL_CONVERSION = YES;
				CLANG_WARN_OBJC_IMPLICIT_RETAIN_SELF = YES;
				CLANG_WARN_OBJC_LITERAL_CONVERSION = YES;
				CLANG_WARN_OBJC_ROOT_CLASS = YES_ERROR;
				CLANG_WARN_RANGE_LOOP_ANALYSIS = YES;
				CLANG_WARN_STRICT_PROTOTYPES = YES;
				CLANG_WARN_SUSPICIOUS_MOVE = YES;
				CLANG_WARN_UNGUARDED_AVAILABILITY = YES_AGGRESSIVE;
				CLANG_WARN_UNREACHABLE_CODE = YES;
				CLANG_WARN__DUPLICATE_METHOD_MATCH = YES;
				CODE_SIGN_IDENTITY = "iPhone Developer";
				COPY_PHASE_STRIP = NO;
				DEBUG_INFORMATION_FORMAT = dwarf;
				ENABLE_STRICT_OBJC_MSGSEND = YES;
				ENABLE_TESTABILITY = YES;
				GCC_C_LANGUAGE_STANDARD = gnu11;
				GCC_DYNAMIC_NO_PIC = NO;
				GCC_NO_COMMON_BLOCKS = YES;
				GCC_OPTIMIZATION_LEVEL = 0;
				GCC_PREPROCESSOR_DEFINITIONS = (
					"DEBUG=1",
					"$(inherited)",
				);
				GCC_WARN_64_TO_32_BIT_CONVERSION = YES;
				GCC_WARN_ABOUT_RETURN_TYPE = YES_ERROR;
				GCC_WARN_UNDECLARED_SELECTOR = YES;
				GCC_WARN_UNINITIALIZED_AUTOS = YES_AGGRESSIVE;
				GCC_WARN_UNUSED_FUNCTION = YES;
				GCC_WARN_UNUSED_VARIABLE = YES;
				IPHONEOS_DEPLOYMENT_TARGET = 12.0;
				MTL_ENABLE_DEBUG_INFO = INCLUDE_SOURCE;
				ONLY_ACTIVE_ARCH = YES;
				SDKROOT = iphoneos;
				SWIFT_ACTIVE_COMPILATION_CONDITIONS = DEBUG;
				SWIFT_OPTIMIZATION_LEVEL = "-Onone";
			};
			name = Debug;
		};
		3F6B9079212558870012DAC0 /* Release */ = {
			isa = XCBuildConfiguration;
			buildSettings = {
				ALWAYS_SEARCH_USER_PATHS = NO;
				CLANG_ANALYZER_NONNULL = YES;
				CLANG_ANALYZER_NUMBER_OBJECT_CONVERSION = YES_AGGRESSIVE;
				CLANG_CXX_LANGUAGE_STANDARD = "gnu++14";
				CLANG_CXX_LIBRARY = "libc++";
				CLANG_ENABLE_MODULES = YES;
				CLANG_ENABLE_OBJC_ARC = YES;
				CLANG_ENABLE_OBJC_WEAK = YES;
				CLANG_WARN_BLOCK_CAPTURE_AUTORELEASING = YES;
				CLANG_WARN_BOOL_CONVERSION = YES;
				CLANG_WARN_COMMA = YES;
				CLANG_WARN_CONSTANT_CONVERSION = YES;
				CLANG_WARN_DEPRECATED_OBJC_IMPLEMENTATIONS = YES;
				CLANG_WARN_DIRECT_OBJC_ISA_USAGE = YES_ERROR;
				CLANG_WARN_DOCUMENTATION_COMMENTS = YES;
				CLANG_WARN_EMPTY_BODY = YES;
				CLANG_WARN_ENUM_CONVERSION = YES;
				CLANG_WARN_INFINITE_RECURSION = YES;
				CLANG_WARN_INT_CONVERSION = YES;
				CLANG_WARN_NON_LITERAL_NULL_CONVERSION = YES;
				CLANG_WARN_OBJC_IMPLICIT_RETAIN_SELF = YES;
				CLANG_WARN_OBJC_LITERAL_CONVERSION = YES;
				CLANG_WARN_OBJC_ROOT_CLASS = YES_ERROR;
				CLANG_WARN_RANGE_LOOP_ANALYSIS = YES;
				CLANG_WARN_STRICT_PROTOTYPES = YES;
				CLANG_WARN_SUSPICIOUS_MOVE = YES;
				CLANG_WARN_UNGUARDED_AVAILABILITY = YES_AGGRESSIVE;
				CLANG_WARN_UNREACHABLE_CODE = YES;
				CLANG_WARN__DUPLICATE_METHOD_MATCH = YES;
				CODE_SIGN_IDENTITY = "iPhone Developer";
				COPY_PHASE_STRIP = NO;
				DEBUG_INFORMATION_FORMAT = "dwarf-with-dsym";
				ENABLE_NS_ASSERTIONS = NO;
				ENABLE_STRICT_OBJC_MSGSEND = YES;
				GCC_C_LANGUAGE_STANDARD = gnu11;
				GCC_NO_COMMON_BLOCKS = YES;
				GCC_WARN_64_TO_32_BIT_CONVERSION = YES;
				GCC_WARN_ABOUT_RETURN_TYPE = YES_ERROR;
				GCC_WARN_UNDECLARED_SELECTOR = YES;
				GCC_WARN_UNINITIALIZED_AUTOS = YES_AGGRESSIVE;
				GCC_WARN_UNUSED_FUNCTION = YES;
				GCC_WARN_UNUSED_VARIABLE = YES;
				IPHONEOS_DEPLOYMENT_TARGET = 12.0;
				MTL_ENABLE_DEBUG_INFO = NO;
				SDKROOT = iphoneos;
				SWIFT_COMPILATION_MODE = wholemodule;
				SWIFT_OPTIMIZATION_LEVEL = "-O";
				VALIDATE_PRODUCT = YES;
			};
			name = Release;
		};
		3F6B907B212558870012DAC0 /* Debug */ = {
			isa = XCBuildConfiguration;
			buildSettings = {
				ASSETCATALOG_COMPILER_APPICON_NAME = AppIcon;
				CODE_SIGN_STYLE = Automatic;
				DEVELOPMENT_TEAM = 9LT72B3VBQ;
				INFOPLIST_FILE = LBTA_YouTube/Info.plist;
				IPHONEOS_DEPLOYMENT_TARGET = 10.3;
				LD_RUNPATH_SEARCH_PATHS = (
					"$(inherited)",
					"@executable_path/Frameworks",
				);
				PRODUCT_BUNDLE_IDENTIFIER = "mk.com.bugzy.homeinc.LBTA-YouTube";
				PRODUCT_NAME = "$(TARGET_NAME)";
				SWIFT_VERSION = 4.2;
				TARGETED_DEVICE_FAMILY = "1,2";
			};
			name = Debug;
		};
		3F6B907C212558870012DAC0 /* Release */ = {
			isa = XCBuildConfiguration;
			buildSettings = {
				ASSETCATALOG_COMPILER_APPICON_NAME = AppIcon;
				CODE_SIGN_STYLE = Automatic;
				DEVELOPMENT_TEAM = 9LT72B3VBQ;
				INFOPLIST_FILE = LBTA_YouTube/Info.plist;
				IPHONEOS_DEPLOYMENT_TARGET = 10.3;
				LD_RUNPATH_SEARCH_PATHS = (
					"$(inherited)",
					"@executable_path/Frameworks",
				);
				PRODUCT_BUNDLE_IDENTIFIER = "mk.com.bugzy.homeinc.LBTA-YouTube";
				PRODUCT_NAME = "$(TARGET_NAME)";
				SWIFT_VERSION = 4.2;
				TARGETED_DEVICE_FAMILY = "1,2";
			};
			name = Release;
		};
/* End XCBuildConfiguration section */

/* Begin XCConfigurationList section */
		3F6B9063212558860012DAC0 /* Build configuration list for PBXProject "LBTA_YouTube" */ = {
			isa = XCConfigurationList;
			buildConfigurations = (
				3F6B9078212558870012DAC0 /* Debug */,
				3F6B9079212558870012DAC0 /* Release */,
			);
			defaultConfigurationIsVisible = 0;
			defaultConfigurationName = Release;
		};
		3F6B907A212558870012DAC0 /* Build configuration list for PBXNativeTarget "LBTA_YouTube" */ = {
			isa = XCConfigurationList;
			buildConfigurations = (
				3F6B907B212558870012DAC0 /* Debug */,
				3F6B907C212558870012DAC0 /* Release */,
			);
			defaultConfigurationIsVisible = 0;
			defaultConfigurationName = Release;
		};
/* End XCConfigurationList section */
	};
	rootObject = 3F6B9060212558860012DAC0 /* Project object */;
}
